
Microsoft Visual Studio Solution File, Format Version 12.00
# Visual Studio Version 17
VisualStudioVersion = 17.3.32519.111
MinimumVisualStudioVersion = 10.0.40219.1
Project("{9A19103F-16F7-4668-BE54-9A1E7A4F7556}") = "IssueTracker.Api", "IssueTracker.Api\IssueTracker.Api.csproj", "{146BA801-3C94-4A69-99C7-294468E692D9}"
EndProject
Project("{9A19103F-16F7-4668-BE54-9A1E7A4F7556}") = "IssueTracker.DataAccess", "IssueTracker.DataAccess\IssueTracker.DataAccess.csproj", "{E1652966-BDBE-4572-808B-2E61A0003E91}"
EndProject
Project("{00D1A9C2-B5F0-4AF3-8072-F6C62B433612}") = "IssueTracker.Database", "IssueTracker.Database\IssueTracker.Database.sqlproj", "{0C3452AE-0B94-456D-8BC7-0BD5C3C2DC24}"
EndProject
Global
	GlobalSection(SolutionConfigurationPlatforms) = preSolution
		Debug|Any CPU = Debug|Any CPU
		Release|Any CPU = Release|Any CPU
	EndGlobalSection
	GlobalSection(ProjectConfigurationPlatforms) = postSolution
		{146BA801-3C94-4A69-99C7-294468E692D9}.Debug|Any CPU.ActiveCfg = Debug|Any CPU
		{146BA801-3C94-4A69-99C7-294468E692D9}.Debug|Any CPU.Build.0 = Debug|Any CPU
		{146BA801-3C94-4A69-99C7-294468E692D9}.Release|Any CPU.ActiveCfg = Release|Any CPU
		{146BA801-3C94-4A69-99C7-294468E692D9}.Release|Any CPU.Build.0 = Release|Any CPU
		{E1652966-BDBE-4572-808B-2E61A0003E91}.Debug|Any CPU.ActiveCfg = Debug|Any CPU
		{E1652966-BDBE-4572-808B-2E61A0003E91}.Debug|Any CPU.Build.0 = Debug|Any CPU
		{E1652966-BDBE-4572-808B-2E61A0003E91}.Release|Any CPU.ActiveCfg = Release|Any CPU
		{E1652966-BDBE-4572-808B-2E61A0003E91}.Release|Any CPU.Build.0 = Release|Any CPU
		{0C3452AE-0B94-456D-8BC7-0BD5C3C2DC24}.Debug|Any CPU.ActiveCfg = Debug|Any CPU
		{0C3452AE-0B94-456D-8BC7-0BD5C3C2DC24}.Debug|Any CPU.Build.0 = Debug|Any CPU
		{0C3452AE-0B94-456D-8BC7-0BD5C3C2DC24}.Debug|Any CPU.Deploy.0 = Debug|Any CPU
		{0C3452AE-0B94-456D-8BC7-0BD5C3C2DC24}.Release|Any CPU.ActiveCfg = Release|Any CPU
		{0C3452AE-0B94-456D-8BC7-0BD5C3C2DC24}.Release|Any CPU.Build.0 = Release|Any CPU
		{0C3452AE-0B94-456D-8BC7-0BD5C3C2DC24}.Release|Any CPU.Deploy.0 = Release|Any CPU
	EndGlobalSection
	GlobalSection(SolutionProperties) = preSolution
		HideSolutionNode = FALSE
	EndGlobalSection
	GlobalSection(ExtensibilityGlobals) = postSolution
		SolutionGuid = {BA049DF0-B9B3-4F57-A33B-793EFD0A2948}
	EndGlobalSection
EndGlobal
